
Microsoft Visual Studio Solution File, Format Version 12.00
# Visual Studio 15
VisualStudioVersion = 15.0.28307.168
MinimumVisualStudioVersion = 10.0.40219.1
Project("{888888A0-9F3D-457C-B088-3A5042F75D52}") = "storeNamesinLists", "storeNamesinLists.pyproj", "{DA02BEF6-A7EE-471C-8F56-8FB5E8F5685D}"
EndProject
Global
	GlobalSection(SolutionConfigurationPlatforms) = preSolution
		Debug|Any CPU = Debug|Any CPU
		Release|Any CPU = Release|Any CPU
	EndGlobalSection
	GlobalSection(ProjectConfigurationPlatforms) = postSolution
		{DA02BEF6-A7EE-471C-8F56-8FB5E8F5685D}.Debug|Any CPU.ActiveCfg = Debug|Any CPU
		{DA02BEF6-A7EE-471C-8F56-8FB5E8F5685D}.Release|Any CPU.ActiveCfg = Release|Any CPU
	EndGlobalSection
	GlobalSection(SolutionProperties) = preSolution
		HideSolutionNode = FALSE
	EndGlobalSection
	GlobalSection(ExtensibilityGlobals) = postSolution
		SolutionGuid = {A45C3783-94B0-4147-BD8E-B15F859AFE83}
	EndGlobalSection
EndGlobal
