
Microsoft Visual Studio Solution File, Format Version 12.00
# Visual Studio 15
VisualStudioVersion = 15.0.28307.168
MinimumVisualStudioVersion = 10.0.40219.1
Project("{888888A0-9F3D-457C-B088-3A5042F75D52}") = "ListtoDictionaryFunction", "ListtoDictionaryFunction.pyproj", "{8BBDF144-EF4E-4E97-90F9-C6FB09D5B8FB}"
EndProject
Global
	GlobalSection(SolutionConfigurationPlatforms) = preSolution
		Debug|Any CPU = Debug|Any CPU
		Release|Any CPU = Release|Any CPU
	EndGlobalSection
	GlobalSection(ProjectConfigurationPlatforms) = postSolution
		{8BBDF144-EF4E-4E97-90F9-C6FB09D5B8FB}.Debug|Any CPU.ActiveCfg = Debug|Any CPU
		{8BBDF144-EF4E-4E97-90F9-C6FB09D5B8FB}.Release|Any CPU.ActiveCfg = Release|Any CPU
	EndGlobalSection
	GlobalSection(SolutionProperties) = preSolution
		HideSolutionNode = FALSE
	EndGlobalSection
	GlobalSection(ExtensibilityGlobals) = postSolution
		SolutionGuid = {D1330C09-1D94-49EB-B882-E0E2AE2B0FDA}
	EndGlobalSection
EndGlobal
