
Microsoft Visual Studio Solution File, Format Version 12.00
# Visual Studio 15
VisualStudioVersion = 15.0.28307.168
MinimumVisualStudioVersion = 10.0.40219.1
Project("{888888A0-9F3D-457C-B088-3A5042F75D52}") = "ListofFemaleOnly", "ListofFemaleOnly.pyproj", "{7F6A7664-47EF-4583-8C6F-6E4B45567BBD}"
EndProject
Global
	GlobalSection(SolutionConfigurationPlatforms) = preSolution
		Debug|Any CPU = Debug|Any CPU
		Release|Any CPU = Release|Any CPU
	EndGlobalSection
	GlobalSection(ProjectConfigurationPlatforms) = postSolution
		{7F6A7664-47EF-4583-8C6F-6E4B45567BBD}.Debug|Any CPU.ActiveCfg = Debug|Any CPU
		{7F6A7664-47EF-4583-8C6F-6E4B45567BBD}.Release|Any CPU.ActiveCfg = Release|Any CPU
	EndGlobalSection
	GlobalSection(SolutionProperties) = preSolution
		HideSolutionNode = FALSE
	EndGlobalSection
	GlobalSection(ExtensibilityGlobals) = postSolution
		SolutionGuid = {4EA623C0-669B-45F6-8BE8-37C8871EA37D}
	EndGlobalSection
EndGlobal
