
Microsoft Visual Studio Solution File, Format Version 12.00
# Visual Studio 15
VisualStudioVersion = 15.0.28307.168
MinimumVisualStudioVersion = 10.0.40219.1
Project("{888888A0-9F3D-457C-B088-3A5042F75D52}") = "TablePrinter", "TablePrinter.pyproj", "{6AA454AE-7995-4C13-80F6-53FA2BBFC08E}"
EndProject
Global
	GlobalSection(SolutionConfigurationPlatforms) = preSolution
		Debug|Any CPU = Debug|Any CPU
		Release|Any CPU = Release|Any CPU
	EndGlobalSection
	GlobalSection(ProjectConfigurationPlatforms) = postSolution
		{6AA454AE-7995-4C13-80F6-53FA2BBFC08E}.Debug|Any CPU.ActiveCfg = Debug|Any CPU
		{6AA454AE-7995-4C13-80F6-53FA2BBFC08E}.Release|Any CPU.ActiveCfg = Release|Any CPU
	EndGlobalSection
	GlobalSection(SolutionProperties) = preSolution
		HideSolutionNode = FALSE
	EndGlobalSection
	GlobalSection(ExtensibilityGlobals) = postSolution
		SolutionGuid = {A629C0AB-E037-4BDD-A67E-6740B581422E}
	EndGlobalSection
EndGlobal
